{
    "_readme": [
        "This file locks the dependencies of your project to a known state",
        "Read more about it at https://getcomposer.org/doc/01-basic-usage.md#installing-dependencies",
        "This file is @generated automatically"
    ],
    "content-hash": "3bba3228c23748ecc98ff528c2a5413d",
    "packages": [
        {
            "name": "docopt/docopt",
            "version": "1.0.4",
            "source": {
                "type": "git",
                "url": "https://github.com/docopt/docopt.php.git",
                "reference": "bf3683a16e09fa1665e493eb4d5a29469e132a4f"
            },
            "dist": {
                "type": "zip",
                "url": "https://api.github.com/repos/docopt/docopt.php/zipball/bf3683a16e09fa1665e493eb4d5a29469e132a4f",
                "reference": "bf3683a16e09fa1665e493eb4d5a29469e132a4f",
                "shasum": ""
            },
            "require": {
                "php": ">=5.3.0"
            },
            "require-dev": {
                "phpunit/phpunit": "4.1.*"
            },
            "type": "library",
            "autoload": {
                "classmap": [
                    "src/docopt.php"
                ]
            },
            "notification-url": "https://packagist.org/downloads/",
            "license": [
                "MIT"
            ],
            "authors": [
                {
                    "name": "Blake Williams",
                    "email": "code@shabbyrobe.org",
                    "homepage": "http://docopt.org/",
                    "role": "Developer"
                }
            ],
            "description": "Port of Python's docopt for PHP >=5.3",
            "homepage": "http://github.com/docopt/docopt.php",
            "keywords": [
                "cli",
                "docs"
            ],
            "time": "2019-12-03T02:48:46+00:00"
        },
        {
            "name": "sasezaki/php-extension-stub-generator",
            "version": "dev-master",
            "source": {
                "type": "git",
                "url": "https://github.com/sasezaki/php-extension-stub-generator.git",
                "reference": "df4e5497b208594d527091a468c25d35fa372dc5"
            },
            "dist": {
                "type": "zip",
                "url": "https://api.github.com/repos/sasezaki/php-extension-stub-generator/zipball/df4e5497b208594d527091a468c25d35fa372dc5",
                "reference": "df4e5497b208594d527091a468c25d35fa372dc5",
                "shasum": ""
            },
            "require": {
                "docopt/docopt": "^1.0",
                "zendframework/zend-code": "^3",
                "zendframework/zend-console": "^2.6"
            },
            "require-dev": {
                "ext-phar": "*",
                "phpunit/phpunit": "^5.6.4"
            },
            "bin": [
                "php-extension-stub-generator"
            ],
            "type": "library",
            "autoload": {
                "psr-4": {
                    "PHPExtensionStubGenerator\\": "src/PHPExtensionStubGenerator"
                }
            },
            "autoload-dev": {
                "psr-4": {
                    "PHPExtensionStubGeneratorTest\\": "tests/PHPExtensionStubGeneratorTest"
                }
            },
            "license": [
                "BSD-3-Clause"
            ],
            "description": "PHP ReflectionExtension's Information Rewind to PHP Code As Stub",
            "keywords": [
                "ReflectionExtension",
                "extension",
                "stub"
            ],
            "support": {
                "source": "https://github.com/sasezaki/php-extension-stub-generator/tree/master",
                "issues": "https://github.com/sasezaki/php-extension-stub-generator/issues"
            },
            "time": "2019-05-11T01:46:07+00:00"
        },
        {
            "name": "zendframework/zend-code",
            "version": "3.4.1",
            "source": {
                "type": "git",
                "url": "https://github.com/zendframework/zend-code.git",
                "reference": "268040548f92c2bfcba164421c1add2ba43abaaa"
            },
            "dist": {
                "type": "zip",
                "url": "https://api.github.com/repos/zendframework/zend-code/zipball/268040548f92c2bfcba164421c1add2ba43abaaa",
                "reference": "268040548f92c2bfcba164421c1add2ba43abaaa",
                "shasum": ""
            },
            "require": {
                "php": "^7.1",
                "zendframework/zend-eventmanager": "^2.6 || ^3.0"
            },
            "conflict": {
                "phpspec/prophecy": "<1.9.0"
            },
            "require-dev": {
                "doctrine/annotations": "^1.7",
                "ext-phar": "*",
                "phpunit/phpunit": "^7.5.16 || ^8.4",
                "zendframework/zend-coding-standard": "^1.0",
                "zendframework/zend-stdlib": "^2.7 || ^3.0"
            },
            "suggest": {
                "doctrine/annotations": "Doctrine\\Common\\Annotations >=1.0 for annotation features",
                "zendframework/zend-stdlib": "Zend\\Stdlib component"
            },
            "type": "library",
            "extra": {
                "branch-alias": {
                    "dev-master": "3.4.x-dev",
                    "dev-develop": "3.5.x-dev",
                    "dev-dev-4.0": "4.0.x-dev"
                }
            },
            "autoload": {
                "psr-4": {
                    "Zend\\Code\\": "src/"
                }
            },
            "notification-url": "https://packagist.org/downloads/",
            "license": [
                "BSD-3-Clause"
            ],
            "description": "Extensions to the PHP Reflection API, static code scanning, and code generation",
            "keywords": [
                "ZendFramework",
                "code",
                "zf"
            ],
            "abandoned": "laminas/laminas-code",
            "time": "2019-12-10T19:21:15+00:00"
        },
        {
            "name": "zendframework/zend-console",
            "version": "2.8.0",
            "source": {
                "type": "git",
                "url": "https://github.com/zendframework/zend-console.git",
                "reference": "95817ae78f73c48026972e350a2ecc31c6d9f9ae"
            },
            "dist": {
                "type": "zip",
                "url": "https://api.github.com/repos/zendframework/zend-console/zipball/95817ae78f73c48026972e350a2ecc31c6d9f9ae",
                "reference": "95817ae78f73c48026972e350a2ecc31c6d9f9ae",
                "shasum": ""
            },
            "require": {
                "php": "^5.6 || ^7.0",
                "zendframework/zend-stdlib": "^3.2.1"
            },
            "require-dev": {
                "phpunit/phpunit": "^5.7.23 || ^6.4.3",
                "zendframework/zend-coding-standard": "~1.0.0",
                "zendframework/zend-filter": "^2.7.2",
                "zendframework/zend-json": "^2.6 || ^3.0",
                "zendframework/zend-validator": "^2.10.1"
            },
            "suggest": {
                "zendframework/zend-filter": "To support DefaultRouteMatcher usage",
                "zendframework/zend-validator": "To support DefaultRouteMatcher usage"
            },
            "type": "library",
            "extra": {
                "branch-alias": {
                    "dev-master": "2.8.x-dev",
                    "dev-develop": "2.9.x-dev"
                }
            },
            "autoload": {
                "psr-4": {
                    "Zend\\Console\\": "src/"
                }
            },
            "notification-url": "https://packagist.org/downloads/",
            "license": [
                "BSD-3-Clause"
            ],
            "description": "Build console applications using getopt syntax or routing, complete with prompts",
            "keywords": [
                "ZendFramework",
                "console",
                "zf"
            ],
            "abandoned": "laminas/laminas-console",
            "time": "2019-02-04T19:48:22+00:00"
        },
        {
            "name": "zendframework/zend-eventmanager",
            "version": "3.2.1",
            "source": {
                "type": "git",
                "url": "https://github.com/zendframework/zend-eventmanager.git",
                "reference": "a5e2583a211f73604691586b8406ff7296a946dd"
            },
            "dist": {
                "type": "zip",
                "url": "https://api.github.com/repos/zendframework/zend-eventmanager/zipball/a5e2583a211f73604691586b8406ff7296a946dd",
                "reference": "a5e2583a211f73604691586b8406ff7296a946dd",
                "shasum": ""
            },
            "require": {
                "php": "^5.6 || ^7.0"
            },
            "require-dev": {
                "athletic/athletic": "^0.1",
                "container-interop/container-interop": "^1.1.0",
                "phpunit/phpunit": "^5.7.27 || ^6.5.8 || ^7.1.2",
                "zendframework/zend-coding-standard": "~1.0.0",
                "zendframework/zend-stdlib": "^2.7.3 || ^3.0"
            },
            "suggest": {
                "container-interop/container-interop": "^1.1.0, to use the lazy listeners feature",
                "zendframework/zend-stdlib": "^2.7.3 || ^3.0, to use the FilterChain feature"
            },
            "type": "library",
            "extra": {
                "branch-alias": {
                    "dev-master": "3.2-dev",
                    "dev-develop": "3.3-dev"
                }
            },
            "autoload": {
                "psr-4": {
                    "Zend\\EventManager\\": "src/"
                }
            },
            "notification-url": "https://packagist.org/downloads/",
            "license": [
                "BSD-3-Clause"
            ],
            "description": "Trigger and listen to events within a PHP application",
            "homepage": "https://github.com/zendframework/zend-eventmanager",
            "keywords": [
                "event",
                "eventmanager",
                "events",
                "zf2"
            ],
            "abandoned": "laminas/laminas-eventmanager",
            "time": "2018-04-25T15:33:34+00:00"
        },
        {
            "name": "zendframework/zend-stdlib",
            "version": "3.2.1",
            "source": {
                "type": "git",
                "url": "https://github.com/zendframework/zend-stdlib.git",
                "reference": "66536006722aff9e62d1b331025089b7ec71c065"
            },
            "dist": {
                "type": "zip",
                "url": "https://api.github.com/repos/zendframework/zend-stdlib/zipball/66536006722aff9e62d1b331025089b7ec71c065",
                "reference": "66536006722aff9e62d1b331025089b7ec71c065",
                "shasum": ""
            },
            "require": {
                "php": "^5.6 || ^7.0"
            },
            "require-dev": {
                "phpbench/phpbench": "^0.13",
                "phpunit/phpunit": "^5.7.27 || ^6.5.8 || ^7.1.2",
                "zendframework/zend-coding-standard": "~1.0.0"
            },
            "type": "library",
            "extra": {
                "branch-alias": {
                    "dev-master": "3.2.x-dev",
                    "dev-develop": "3.3.x-dev"
                }
            },
            "autoload": {
                "psr-4": {
                    "Zend\\Stdlib\\": "src/"
                }
            },
            "notification-url": "https://packagist.org/downloads/",
            "license": [
                "BSD-3-Clause"
            ],
            "description": "SPL extensions, array utilities, error handlers, and more",
            "keywords": [
                "ZendFramework",
                "stdlib",
                "zf"
            ],
            "abandoned": "laminas/laminas-stdlib",
            "time": "2018-08-28T21:34:05+00:00"
        }
    ],
    "packages-dev": [],
    "aliases": [],
    "minimum-stability": "dev",
    "stability-flags": {
        "sasezaki/php-extension-stub-generator": 20
    },
    "prefer-stable": true,
    "prefer-lowest": false,
    "platform": [],
    "platform-dev": [],
    "plugin-api-version": "1.1.0"
}
